
Microsoft Visual Studio Solution File, Format Version 12.00
# Visual Studio Version 16
VisualStudioVersion = 16.0.31005.135
MinimumVisualStudioVersion = 10.0.40219.1
Project("{FAE04EC0-301F-11D3-BF4B-00C04F79EFBC}") = "MedicalAppointmentApp", "MedicalAppointmentApp\MedicalAppointmentApp.csproj", "{4C237A91-C944-4505-BEA0-82D7880FDFA2}"
EndProject
Global
	GlobalSection(SolutionConfigurationPlatforms) = preSolution
		Debug|Any CPU = Debug|Any CPU
		Release|Any CPU = Release|Any CPU
	EndGlobalSection
	GlobalSection(ProjectConfigurationPlatforms) = postSolution
		{4C237A91-C944-4505-BEA0-82D7880FDFA2}.Debug|Any CPU.ActiveCfg = Debug|Any CPU
		{4C237A91-C944-4505-BEA0-82D7880FDFA2}.Debug|Any CPU.Build.0 = Debug|Any CPU
		{4C237A91-C944-4505-BEA0-82D7880FDFA2}.Release|Any CPU.ActiveCfg = Release|Any CPU
		{4C237A91-C944-4505-BEA0-82D7880FDFA2}.Release|Any CPU.Build.0 = Release|Any CPU
	EndGlobalSection
	GlobalSection(SolutionProperties) = preSolution
		HideSolutionNode = FALSE
	EndGlobalSection
	GlobalSection(ExtensibilityGlobals) = postSolution
		SolutionGuid = {98D1DEEA-BF1E-4CDE-86A3-39EBC9B179F9}
	EndGlobalSection
EndGlobal
